{
  "requires": true,
  "lockfileVersion": 1,
  "dependencies": {
    "@codekraft-studio/vue-animated": {
      "version": "0.1.5",
      "resolved": "https://registry.npmjs.org/@codekraft-studio/vue-animated/-/vue-animated-0.1.5.tgz",
      "integrity": "sha512-mdrbs5C/mrthR7GVOOBvLUyFXWv1jrQnaErI50gEkzB1WwfzolpXllYI4K0jGCgnRh7XLs1PnqSorOJPgOp6dg==",
      "requires": {
        "animate.css": "^3.4.0",
        "vue": "^2.2.0"
      },
      "dependencies": {
        "animate.css": {
          "version": "3.7.2",
          "resolved": "https://registry.npmjs.org/animate.css/-/animate.css-3.7.2.tgz",
          "integrity": "sha512-0bE8zYo7C0KvgOYrSVfrzkbYk6IOTVPNqkiHg2cbyF4Pq/PXzilz4BRWA3hwEUBoMp5VBgrC29lQIZyhRWdBTw=="
        }
      }
    },
    "animate.css": {
      "version": "4.1.1",
      "resolved": "https://registry.npmjs.org/animate.css/-/animate.css-4.1.1.tgz",
      "integrity": "sha512-+mRmCTv6SbCmtYJCN4faJMNFVNN5EuCTTprDTAo7YzIGji2KADmakjVA3+8mVDkZ2Bf09vayB35lSQIex2+QaQ=="
    },
    "leaflet": {
      "version": "1.7.1",
      "resolved": "https://registry.npmjs.org/leaflet/-/leaflet-1.7.1.tgz",
      "integrity": "sha512-/xwPEBidtg69Q3HlqPdU3DnrXQOvQU/CCHA1tcDQVzOwm91YMYaILjNp7L4Eaw5Z4sOYdbBz6koWyibppd8Zqw=="
    },
    "vue": {
      "version": "2.6.12",
      "resolved": "https://registry.npmjs.org/vue/-/vue-2.6.12.tgz",
      "integrity": "sha512-uhmLFETqPPNyuLLbsKz6ioJ4q7AZHzD8ZVFNATNyICSZouqP2Sz0rotWQC8UNBF6VGSCs5abnKJoStA6JbCbfg=="
    },
    "vue-router": {
      "version": "3.4.7",
      "resolved": "https://registry.npmjs.org/vue-router/-/vue-router-3.4.7.tgz",
      "integrity": "sha512-CbHXue5BLrDivOk5O4eZ0WT4Yj8XwdXa4kCnsEIOzYUPF/07ZukayA2jGxDCJxLc9SgVQX9QX0OuGOwGlVB4Qg=="
    },
    "vue2-leaflet": {
      "version": "2.6.0",
      "resolved": "https://registry.npmjs.org/vue2-leaflet/-/vue2-leaflet-2.6.0.tgz",
      "integrity": "sha512-JG+w9TtNuk1yRpPta+RjzH6J+opdRUPzSo8UuBnwk+a/6XD0f2tsaB6g3D6ZpBgIE4wZA2dbZ0dZFz2ulYMj3A=="
    }
  }
}
